
Microsoft Visual Studio Solution File, Format Version 12.00
# Visual Studio Version 17
VisualStudioVersion = 17.5.33502.453
MinimumVisualStudioVersion = 10.0.40219.1
Project("{FAE04EC0-301F-11D3-BF4B-00C04F79EFBC}") = "projCoreMVC", "projCoreMVC\projCoreMVC.csproj", "{6624A3E4-5D29-4506-9BC3-B3ADF732AB17}"
EndProject
Global
	GlobalSection(SolutionConfigurationPlatforms) = preSolution
		Debug|Any CPU = Debug|Any CPU
		Release|Any CPU = Release|Any CPU
	EndGlobalSection
	GlobalSection(ProjectConfigurationPlatforms) = postSolution
		{6624A3E4-5D29-4506-9BC3-B3ADF732AB17}.Debug|Any CPU.ActiveCfg = Debug|Any CPU
		{6624A3E4-5D29-4506-9BC3-B3ADF732AB17}.Debug|Any CPU.Build.0 = Debug|Any CPU
		{6624A3E4-5D29-4506-9BC3-B3ADF732AB17}.Release|Any CPU.ActiveCfg = Release|Any CPU
		{6624A3E4-5D29-4506-9BC3-B3ADF732AB17}.Release|Any CPU.Build.0 = Release|Any CPU
	EndGlobalSection
	GlobalSection(SolutionProperties) = preSolution
		HideSolutionNode = FALSE
	EndGlobalSection
	GlobalSection(ExtensibilityGlobals) = postSolution
		SolutionGuid = {E453055A-D727-473C-B294-953DB46A0EA5}
	EndGlobalSection
EndGlobal
